PODS:
  - Capacitor (7.4.3):
    - CapacitorCordova
  - CapacitorBackgroundRunner (2.1.0):
    - Capacitor
  - CapacitorBrowser (7.0.2):
    - Capacitor
  - CapacitorCamera (7.0.2):
    - Capacitor
  - CapacitorCordova (7.4.3)
  - CapacitorGeolocation (7.1.5):
    - Capacitor
    - IONGeolocationLib (= 1.0.1)
  - CapacitorSplashScreen (7.0.2):
    - Capacitor
  - IONGeolocationLib (1.0.1)
  - PurchasesHybridCommon (16.2.0):
    - RevenueCat (= 5.34.0)
  - RevenueCat (5.34.0)
  - RevenuecatPurchasesCapacitor (11.1.1):
    - Capacitor
    - PurchasesHybridCommon (= 16.2.0)

DEPENDENCIES:
  - "Capacitor (from `../../node_modules/@capacitor/ios`)"
  - "CapacitorBackgroundRunner (from `../../node_modules/@capacitor/background-runner`)"
  - "CapacitorBrowser (from `../../node_modules/@capacitor/browser`)"
  - "CapacitorCamera (from `../../node_modules/@capacitor/camera`)"
  - "CapacitorCordova (from `../../node_modules/@capacitor/ios`)"
  - "CapacitorGeolocation (from `../../node_modules/@capacitor/geolocation`)"
  - "CapacitorSplashScreen (from `../../node_modules/@capacitor/splash-screen`)"
  - "RevenuecatPurchasesCapacitor (from `../../node_modules/@revenuecat/purchases-capacitor`)"

SPEC REPOS:
  trunk:
    - IONGeolocationLib
    - PurchasesHybridCommon
    - RevenueCat

EXTERNAL SOURCES:
  Capacitor:
    :path: "../../node_modules/@capacitor/ios"
  CapacitorBackgroundRunner:
    :path: "../../node_modules/@capacitor/background-runner"
  CapacitorBrowser:
    :path: "../../node_modules/@capacitor/browser"
  CapacitorCamera:
    :path: "../../node_modules/@capacitor/camera"
  CapacitorCordova:
    :path: "../../node_modules/@capacitor/ios"
  CapacitorGeolocation:
    :path: "../../node_modules/@capacitor/geolocation"
  CapacitorSplashScreen:
    :path: "../../node_modules/@capacitor/splash-screen"
  RevenuecatPurchasesCapacitor:
    :path: "../../node_modules/@revenuecat/purchases-capacitor"

SPEC CHECKSUMS:
  Capacitor: 28d6c01026a9a3f7156529498ec1f389a2a28dbc
  CapacitorBackgroundRunner: e34ce1a45fce1944ff6691d97db178d9e575f031
  CapacitorBrowser: 22541e48442de44dc629c214388290d6eecc6ae9
  CapacitorCamera: f9e54db0a18bb218a8dc360907d63aaefe9209ff
  CapacitorCordova: 435121e81a2df4d0034f0fb11fcefab5104cfdb5
  CapacitorGeolocation: 84f868bea4c2499aebc3bb3a88fd0a508f87ab87
  CapacitorSplashScreen: 157947576b59d913792063a8d442a79e6d283ee5
  IONGeolocationLib: 20f9d0248a0b5264511fb57a37e25dd2badf797a
  PurchasesHybridCommon: 55e97b4e090015ed138988e6559def2bd4c50ebe
  RevenueCat: eb2aa042789d9c99ad5172bd96e28b96286d6ada
  RevenuecatPurchasesCapacitor: 420b762736c2842bfb64436b7e0b88d2f672c943

PODFILE CHECKSUM: e32980db6df5345eb75602dd26d0f5acdd5a607c

COCOAPODS: 1.16.2
